
Microsoft Visual Studio Solution File, Format Version 12.00
# Visual Studio Version 16
VisualStudioVersion = 16.0.31624.102
MinimumVisualStudioVersion = 10.0.40219.1
Project("{FAE04EC0-301F-11D3-BF4B-00C04F79EFBC}") = "Friends", "Friends\Friends.csproj", "{15D972BD-66CA-47BB-BAB9-7BB3E8BC48CA}"
EndProject
Global
	GlobalSection(SolutionConfigurationPlatforms) = preSolution
		Debug|Any CPU = Debug|Any CPU
		Release|Any CPU = Release|Any CPU
	EndGlobalSection
	GlobalSection(ProjectConfigurationPlatforms) = postSolution
		{15D972BD-66CA-47BB-BAB9-7BB3E8BC48CA}.Debug|Any CPU.ActiveCfg = Debug|Any CPU
		{15D972BD-66CA-47BB-BAB9-7BB3E8BC48CA}.Debug|Any CPU.Build.0 = Debug|Any CPU
		{15D972BD-66CA-47BB-BAB9-7BB3E8BC48CA}.Release|Any CPU.ActiveCfg = Release|Any CPU
		{15D972BD-66CA-47BB-BAB9-7BB3E8BC48CA}.Release|Any CPU.Build.0 = Release|Any CPU
	EndGlobalSection
	GlobalSection(SolutionProperties) = preSolution
		HideSolutionNode = FALSE
	EndGlobalSection
	GlobalSection(ExtensibilityGlobals) = postSolution
		SolutionGuid = {A633FC32-8C62-474A-B924-5F099D37AED2}
	EndGlobalSection
EndGlobal
